
Microsoft Visual Studio Solution File, Format Version 12.00
# Visual Studio Version 16
VisualStudioVersion = 16.0.31205.134
MinimumVisualStudioVersion = 10.0.40219.1
Project("{9A19103F-16F7-4668-BE54-9A1E7A4F7556}") = "billservice", "billservice\billservice.csproj", "{6AE02167-F251-4E4B-A1D5-3E0A196C2527}"
EndProject
Project("{9A19103F-16F7-4668-BE54-9A1E7A4F7556}") = "Docs", "Docs\Docs.csproj", "{0958D40A-E9D9-4405-A3B1-06CC29DC8261}"
EndProject
Project("{9A19103F-16F7-4668-BE54-9A1E7A4F7556}") = "billservice.models", "billservice.model\billservice.models.csproj", "{04A720E0-B7FF-4633-BA2F-510CDC1CC32F}"
EndProject
Global
	GlobalSection(SolutionConfigurationPlatforms) = preSolution
		Debug|Any CPU = Debug|Any CPU
		Release|Any CPU = Release|Any CPU
	EndGlobalSection
	GlobalSection(ProjectConfigurationPlatforms) = postSolution
		{6AE02167-F251-4E4B-A1D5-3E0A196C2527}.Debug|Any CPU.ActiveCfg = Debug|Any CPU
		{6AE02167-F251-4E4B-A1D5-3E0A196C2527}.Debug|Any CPU.Build.0 = Debug|Any CPU
		{6AE02167-F251-4E4B-A1D5-3E0A196C2527}.Release|Any CPU.ActiveCfg = Release|Any CPU
		{6AE02167-F251-4E4B-A1D5-3E0A196C2527}.Release|Any CPU.Build.0 = Release|Any CPU
		{0958D40A-E9D9-4405-A3B1-06CC29DC8261}.Debug|Any CPU.ActiveCfg = Debug|Any CPU
		{0958D40A-E9D9-4405-A3B1-06CC29DC8261}.Release|Any CPU.ActiveCfg = Release|Any CPU
		{0958D40A-E9D9-4405-A3B1-06CC29DC8261}.Release|Any CPU.Build.0 = Release|Any CPU
		{04A720E0-B7FF-4633-BA2F-510CDC1CC32F}.Debug|Any CPU.ActiveCfg = Debug|Any CPU
		{04A720E0-B7FF-4633-BA2F-510CDC1CC32F}.Debug|Any CPU.Build.0 = Debug|Any CPU
		{04A720E0-B7FF-4633-BA2F-510CDC1CC32F}.Release|Any CPU.ActiveCfg = Release|Any CPU
		{04A720E0-B7FF-4633-BA2F-510CDC1CC32F}.Release|Any CPU.Build.0 = Release|Any CPU
	EndGlobalSection
	GlobalSection(SolutionProperties) = preSolution
		HideSolutionNode = FALSE
	EndGlobalSection
	GlobalSection(ExtensibilityGlobals) = postSolution
		SolutionGuid = {01FD9DAD-5E02-40A4-8716-73D6945599BC}
	EndGlobalSection
EndGlobal
